
Microsoft Visual Studio Solution File, Format Version 12.00
# Visual Studio Version 17
VisualStudioVersion = 17.4.33213.308
MinimumVisualStudioVersion = 10.0.40219.1
Project("{FAE04EC0-301F-11D3-BF4B-00C04F79EFBC}") = "Image Classification", "Image Classification\Image Classification.csproj", "{68D0A659-EE09-4691-B7A5-716E16586F7D}"
EndProject
Global
	GlobalSection(SolutionConfigurationPlatforms) = preSolution
		Debug|Any CPU = Debug|Any CPU
		Release|Any CPU = Release|Any CPU
	EndGlobalSection
	GlobalSection(ProjectConfigurationPlatforms) = postSolution
		{68D0A659-EE09-4691-B7A5-716E16586F7D}.Debug|Any CPU.ActiveCfg = Debug|Any CPU
		{68D0A659-EE09-4691-B7A5-716E16586F7D}.Debug|Any CPU.Build.0 = Debug|Any CPU
		{68D0A659-EE09-4691-B7A5-716E16586F7D}.Release|Any CPU.ActiveCfg = Release|Any CPU
		{68D0A659-EE09-4691-B7A5-716E16586F7D}.Release|Any CPU.Build.0 = Release|Any CPU
	EndGlobalSection
	GlobalSection(SolutionProperties) = preSolution
		HideSolutionNode = FALSE
	EndGlobalSection
	GlobalSection(ExtensibilityGlobals) = postSolution
		SolutionGuid = {F5546201-1ED3-476F-AF23-5FA983D3844D}
	EndGlobalSection
EndGlobal
